{
  "name": "test-archive",
  "version": "0.0.1",
  "lockfileVersion": 3,
  "requires": true,
  "packages": {
    "": {
      "name": "test-archive",
      "version": "0.0.1",
      "dependencies": {
        "test-archive": "file:"
      }
    },
    "node_modules/test-archive": {
      "resolved": "",
      "link": true
    }
  }
}
