{
  "name": "@accordproject/concerto-core",
  "version": "3.13.0",
  "lockfileVersion": 2,
  "requires": true,
  "packages": {
    "": {
      "name": "@accordproject/concerto-core",
      "version": "3.13.0",
      "license": "Apache-2.0",
      "dependencies": {
        "@accordproject/concerto-cto": "3.13.0",
        "@accordproject/concerto-metamodel": "3.8.1",
        "@accordproject/concerto-util": "3.13.0",
        "dayjs": "1.10.8",
        "debug": "4.3.1",
        "lorem-ipsum": "2.0.3",
        "randexp": "0.5.3",
        "semver": "7.5.4",
        "slash": "3.0.0",
        "urijs": "1.19.11",
        "uuid": "8.3.2"
      },
      "devDependencies": {
        "@babel/preset-env": "7.16.11",
        "acorn": "8.5.0",
        "acorn-walk": "8.2.0",
        "babel-loader": "8.2.3",
        "chai": "4.3.6",
        "chai-as-promised": "7.1.1",
        "chai-things": "0.2.0",
        "commander": "2.20.0",
        "cross-env": "7.0.3",
        "doctrine": "3.0.0",
        "eslint": "8.2.0",
        "fs-extra": "9.1.0",
        "jsdoc": "^4.0.2",
        "klaw": "3.0.0",
        "license-check-and-add": "2.3.6",
        "mocha": "10.0.0",
        "mockery": "2.1.0",
        "moxios": "0.4.0",
        "node-polyfill-webpack-plugin": "2.0.1",
        "nyc": "15.1.0",
        "process": "0.11.10",
        "sinon": "12.0.0",
        "sinon-chai": "3.7.0",
        "tmp-promise": "3.0.2",
        "typescript": "4.6.3",
        "webpack": "5.76.0",
        "webpack-cli": "4.9.1",
        "xregexp": "5.1.1",
        "yargs": "17.3.1"
      },
      "engines": {
        "node": ">=16",
        "npm": ">=8"
      }
    },
    "../concerto-cto": {
      "name": "@accordproject/concerto-cto",
      "version": "3.0.0-alpha.1",
      "extraneous": true,
      "license": "Apache-2.0",
      "dependencies": {
        "@accordproject/concerto-metamodel": "3.0.0-alpha.1",
        "@accordproject/concerto-util": "3.0.0-alpha.1"
      },
      "devDependencies": {
        "chai": "4.3.6",
        "chai-as-promised": "7.1.1",
        "chai-things": "0.2.0",
        "debug": "4.3.1",
        "eslint": "8.2.0",
        "jsdoc": "^3.6.7",
        "license-check-and-add": "2.3.6",
        "mocha": "8.3.2",
        "nyc": "15.1.0",
        "peggy": "2.0.1",
        "sinon": "12.0.0",
        "sinon-chai": "3.7.0",
        "typescript": "4.6.3"
      },
      "engines": {
        "node": ">=14",
        "npm": ">=6"
      }
    },
    "../concerto-metamodel": {
      "name": "@accordproject/concerto-metamodel",
      "version": "3.0.0-alpha.1",
      "extraneous": true,
      "license": "Apache-2.0",
      "dependencies": {
        "@accordproject/concerto-util": "3.0.0-alpha.1"
      },
      "devDependencies": {
        "chai": "4.3.6",
        "chai-as-promised": "7.1.1",
        "chai-things": "0.2.0",
        "debug": "4.3.1",
        "eslint": "8.2.0",
        "jsdoc": "^3.6.7",
        "license-check-and-add": "2.3.6",
        "mocha": "8.3.2",
        "nyc": "15.1.0",
        "sinon": "12.0.0",
        "sinon-chai": "3.7.0",
        "typescript": "4.6.3"
      },
      "engines": {
        "node": ">=14",
        "npm": ">=6"
      }
    },
    "../concerto-util": {
      "name": "@accordproject/concerto-util",
      "version": "3.0.0-alpha.1",
      "extraneous": true,
      "license": "Apache-2.0",
      "dependencies": {
        "@supercharge/promise-pool": "1.7.0",
        "axios": "0.23.0",
        "colors": "1.4.0",
        "debug": "4.3.1",
        "json-colorizer": "2.2.2"
      },
      "devDependencies": {
        "chai": "4.3.6",
        "chai-as-promised": "7.1.1",
        "chai-things": "0.2.0",
        "eslint": "8.2.0",
        "jsdoc": "^3.6.7",
        "license-check-and-add": "2.3.6",
        "mocha": "8.3.2",
        "moxios": "0.4.0",
        "nyc": "15.1.0",
        "tmp-promise": "3.0.2",
        "typescript": "4.6.3"
      },
      "engines": {
        "node": ">=14",
        "npm": ">=6"
      }
    },
    "node_modules/semver": {
      "version": "7.5.4",
      "resolved": "https://registry.npmjs.org/semver/-/semver-7.5.4.tgz",
      "integrity": "sha512-1bCSESV6Pv+i21Hvpxp3Dx+pSD8lIPt8uVjRrxAUt/nbswYc+tK6Y2btiULjd4+fnq15PX+nqQDC7Oft7WkwcA==",
      "dependencies": {
        "lru-cache": "^6.0.0"
      },
      "bin": {
        "semver": "bin/semver.js"
      },
      "engines": {
        "node": ">=10"
      }
    },
    "node_modules/semver/node_modules/lru-cache": {
      "version": "6.0.0",
      "resolved": "https://registry.npmjs.org/lru-cache/-/lru-cache-6.0.0.tgz",
      "integrity": "sha512-Jo6dJ04CmSjuznwJSS3pUeWmd/H0ffTlkXXgwZi+eq1UCmqQwCh+eLsYOYCwY991i2Fah4h1BEMCx4qThGbsiA==",
      "dependencies": {
        "yallist": "^4.0.0"
      },
      "engines": {
        "node": ">=10"
      }
    },
    "node_modules/semver/node_modules/yallist": {
      "version": "4.0.0",
      "resolved": "https://registry.npmjs.org/yallist/-/yallist-4.0.0.tgz",
      "integrity": "sha512-3wdGidZyq5PB084XLES5TpOSRA3wjXAlIWMhum2kRcv/41Sn2emQ0dycQW4uZXLejwKvg6EsvbdlVL+FYEct7A=="
    }
  },
  "dependencies": {
    "semver": {
      "version": "7.5.4",
      "resolved": "https://registry.npmjs.org/semver/-/semver-7.5.4.tgz",
      "integrity": "sha512-1bCSESV6Pv+i21Hvpxp3Dx+pSD8lIPt8uVjRrxAUt/nbswYc+tK6Y2btiULjd4+fnq15PX+nqQDC7Oft7WkwcA==",
      "requires": {
        "lru-cache": "^6.0.0"
      },
      "dependencies": {
        "lru-cache": {
          "version": "6.0.0",
          "resolved": "https://registry.npmjs.org/lru-cache/-/lru-cache-6.0.0.tgz",
          "integrity": "sha512-Jo6dJ04CmSjuznwJSS3pUeWmd/H0ffTlkXXgwZi+eq1UCmqQwCh+eLsYOYCwY991i2Fah4h1BEMCx4qThGbsiA==",
          "requires": {
            "yallist": "^4.0.0"
          }
        },
        "yallist": {
          "version": "4.0.0",
          "resolved": "https://registry.npmjs.org/yallist/-/yallist-4.0.0.tgz",
          "integrity": "sha512-3wdGidZyq5PB084XLES5TpOSRA3wjXAlIWMhum2kRcv/41Sn2emQ0dycQW4uZXLejwKvg6EsvbdlVL+FYEct7A=="
        }
      }
    }
  }
}
