{
  "name": "@accordproject/concerto-core",
  "version": "1.0.0-alpha.6",
  "lockfileVersion": 1,
  "requires": true,
  "dependencies": {
    "@supercharge/promise-pool": {
      "version": "1.7.0",
      "resolved": "https://registry.npmjs.org/@supercharge/promise-pool/-/promise-pool-1.7.0.tgz",
      "integrity": "sha512-OpnF7oqk6asrOUMhldnDju4RKeZ/iMAfw3LIoLdcTI53RZJLiQ9vEAcGW+bcBELXkiPhT7RqtuPSXAFF2iAmbg=="
    }
  }
}
