{
  "name": "@accordproject/concerto-core",
  "version": "3.12.5",
  "lockfileVersion": 2,
  "requires": true,
  "packages": {
    "": {
      "name": "@accordproject/concerto-core",
      "version": "3.12.5",
      "license": "Apache-2.0",
      "dependencies": {
        "dayjs": "1.11.10"
      },
      "engines": {
        "node": ">=16",
        "npm": ">=8"
      }
    },
    "../concerto-cto": {
      "name": "@accordproject/concerto-cto",
      "version": "3.0.0-alpha.1",
      "extraneous": true,
      "license": "Apache-2.0",
      "dependencies": {
        "@accordproject/concerto-metamodel": "3.0.0-alpha.1",
        "@accordproject/concerto-util": "3.0.0-alpha.1"
      },
      "devDependencies": {
        "chai": "4.3.6",
        "chai-as-promised": "7.1.1",
        "chai-things": "0.2.0",
        "debug": "4.3.1",
        "eslint": "8.2.0",
        "jsdoc": "^3.6.7",
        "license-check-and-add": "2.3.6",
        "mocha": "8.3.2",
        "nyc": "15.1.0",
        "peggy": "2.0.1",
        "sinon": "12.0.0",
        "sinon-chai": "3.7.0",
        "typescript": "4.6.3"
      },
      "engines": {
        "node": ">=14",
        "npm": ">=6"
      }
    },
    "../concerto-metamodel": {
      "name": "@accordproject/concerto-metamodel",
      "version": "3.0.0-alpha.1",
      "extraneous": true,
      "license": "Apache-2.0",
      "dependencies": {
        "@accordproject/concerto-util": "3.0.0-alpha.1"
      },
      "devDependencies": {
        "chai": "4.3.6",
        "chai-as-promised": "7.1.1",
        "chai-things": "0.2.0",
        "debug": "4.3.1",
        "eslint": "8.2.0",
        "jsdoc": "^3.6.7",
        "license-check-and-add": "2.3.6",
        "mocha": "8.3.2",
        "nyc": "15.1.0",
        "sinon": "12.0.0",
        "sinon-chai": "3.7.0",
        "typescript": "4.6.3"
      },
      "engines": {
        "node": ">=14",
        "npm": ">=6"
      }
    },
    "../concerto-util": {
      "name": "@accordproject/concerto-util",
      "version": "3.0.0-alpha.1",
      "extraneous": true,
      "license": "Apache-2.0",
      "dependencies": {
        "@supercharge/promise-pool": "1.7.0",
        "axios": "0.23.0",
        "colors": "1.4.0",
        "debug": "4.3.1",
        "json-colorizer": "2.2.2"
      },
      "devDependencies": {
        "chai": "4.3.6",
        "chai-as-promised": "7.1.1",
        "chai-things": "0.2.0",
        "eslint": "8.2.0",
        "jsdoc": "^3.6.7",
        "license-check-and-add": "2.3.6",
        "mocha": "8.3.2",
        "moxios": "0.4.0",
        "nyc": "15.1.0",
        "tmp-promise": "3.0.2",
        "typescript": "4.6.3"
      },
      "engines": {
        "node": ">=14",
        "npm": ">=6"
      }
    },
    "node_modules/dayjs": {
      "version": "1.11.10",
      "resolved": "https://registry.npmjs.org/dayjs/-/dayjs-1.11.10.tgz",
      "integrity": "sha512-vjAczensTgRcqDERK0SR2XMwsF/tSvnvlv6VcF2GIhg6Sx4yOIt/irsr1RDJsKiIyBzJDpCoXiWWq28MqH2cnQ=="
    }
  },
  "dependencies": {
    "dayjs": {
      "version": "1.11.10",
      "resolved": "https://registry.npmjs.org/dayjs/-/dayjs-1.11.10.tgz",
      "integrity": "sha512-vjAczensTgRcqDERK0SR2XMwsF/tSvnvlv6VcF2GIhg6Sx4yOIt/irsr1RDJsKiIyBzJDpCoXiWWq28MqH2cnQ=="
    }
  }
}
