{
  "name": "test-npm-archive",
  "version": "0.0.1",
  "lockfileVersion": 3,
  "requires": true,
  "packages": {
    "": {
      "name": "test-npm-archive",
      "version": "0.0.1",
      "dependencies": {
        "animaltracking-model": "0.0.7",
        "test-npm-archive": "file:"
      }
    },
    "node_modules/animaltracking-model": {
      "version": "0.0.7",
      "license": "Apache-2.0"
    },
    "node_modules/test-npm-archive": {
      "resolved": "",
      "link": true
    }
  }
}
