{
    "name": "test-import",
    "version": "0.0.1",
    "lockfileVersion": 3,
    "requires": true,
    "packages": {
        "": {
            "name": "test-import",
            "version": "0.0.1",
            "license": "Apache-2.0",
            "dependencies": {
                "test-import": "file:"
            }
        },
        "node_modules/test-import": {
            "resolved": "",
            "link": true
        }
    }
}
