{
  "name": "@accordproject/concerto-vocabulary",
  "version": "1.2.1",
  "lockfileVersion": 1,
  "requires": true,
  "dependencies": {
    "yaml": {
      "version": "2.0.0-9",
      "resolved": "https://registry.npmjs.org/yaml/-/yaml-2.0.0-9.tgz",
      "integrity": "sha512-Bf2KowHjyVkIIiGMt7+fbhmlvKOaE8DWuD07bnL4+FQ9sPmEl/5IzGpBpoxPqOaHuyasBjJhyXDcISpJWfhCGw=="
    }
  }
}
